dependencies:
- name: admin
  repository: file://../admin
  version: 0.1.0
- name: data-source
  repository: file://../data-source
  version: 0.1.0
- name: dpg-adapter-credebl
  repository: file://../dpg-adapter-credebl
  version: 0.1.0
- name: dpg-adapter-inji
  repository: file://../dpg-adapter-inji
  version: 0.1.0
- name: dpg-adapter-waltid
  repository: file://../dpg-adapter-waltid
  version: 0.1.0
- name: issuance
  repository: file://../issuance
  version: 0.1.0
- name: issued-credentials
  repository: file://../issued-credentials
  version: 0.1.0
- name: issuer-auth
  repository: file://../issuer-auth
  version: 0.1.0
- name: landing
  repository: file://../landing
  version: 0.1.0
- name: schema-builder-ui
  repository: file://../schema-builder-ui
  version: 0.1.0
- name: schema-registry
  repository: file://../schema-registry
  version: 0.1.0
- name: status-bitstring
  repository: file://../status-bitstring
  version: 0.1.0
- name: status-token
  repository: file://../status-token
  version: 0.1.0
- name: trust-registry
  repository: file://../trust-registry
  version: 0.1.0
- name: verifier-combined
  repository: file://../verifier-combined
  version: 0.1.0
- name: verifier-discovery
  repository: file://../verifier-discovery
  version: 0.1.0
- name: verifier-ingest
  repository: file://../verifier-ingest
  version: 0.1.0
- name: verifier-policy
  repository: file://../verifier-policy
  version: 0.1.0
- name: verifier-results
  repository: file://../verifier-results
  version: 0.1.0
- name: wallet-auth
  repository: file://../wallet-auth
  version: 0.1.0
- name: wallet-portal
  repository: file://../wallet-portal
  version: 0.1.0
digest: sha256:261c57ae08bd41b4427af456e66e9cd85338909cdda2911d8fdacade2a1a1905
generated: "2026-09-24T09:00:00.000000000Z"
